{
	"name": "DSH",
	"lockfileVersion": 3,
	"requires": true,
	"packages": {
		"": {
			"dependencies": {
				"@typesafe-ai/sdk": "^0.6.0",
				"dsh-win-terminal-inspector": "git+https://github.com/clearkurt/dsh-win-terminal-inspector.git"
			}
		},
		"node_modules/@typesafe-ai/sdk": {
			"version": "0.6.0",
			"resolved": "https://registry.npmjs.org/@typesafe-ai/sdk/-/sdk-0.6.0.tgz",
			"integrity": "sha512-IddX+Q0XM+VagOUZFeP7wZjaO4SHMdvnh2zEBdrZZnXedWI3BNK1lKhMx3ayrkFWvVLbVcUHJy6AVZlY+e6Jaw==",
			"license": "MIT",
			"engines": {
				"node": ">=20"
			}
		},
		"node_modules/dsh-win-terminal-inspector": {
			"version": "1.0.0",
			"resolved": "git+ssh://git@github.com/clearkurt/dsh-win-terminal-inspector.git#c8c5e5afb50a7fd04aa0db8c313eb150cb7bc5b6",
			"license": "MIT",
			"engines": {
				"node": ">=22"
			}
		}
	}
}
